
Microsoft Visual Studio Solution File, Format Version 12.00
# Visual Studio Version 17
VisualStudioVersion = 17.9.34728.123
MinimumVisualStudioVersion = 10.0.40219.1
Project("{9A19103F-16F7-4668-BE54-9A1E7A4F7556}") = "ComicBookReader.Maui", "ComicBookReader.Maui\ComicBookReader.Maui.csproj", "{C15389D5-9029-441D-81FC-D3F31022364B}"
EndProject
Project("{FAE04EC0-301F-11D3-BF4B-00C04F79EFBC}") = "ComicBookReader.CoreBusiness", "ComicBookReader.CoreBusiness\ComicBookReader.CoreBusiness.csproj", "{2999320F-D68F-4485-A114-43B9F1EAFC9C}"
EndProject
Project("{FAE04EC0-301F-11D3-BF4B-00C04F79EFBC}") = "ComicBookReader.UseCases", "ComicBookReader.UseCases\ComicBookReader.UseCases.csproj", "{E825ED86-0FF3-46CE-949C-F8CF73B78AC7}"
EndProject
Project("{2150E333-8FDC-42A3-9474-1A3956D46DE8}") = "Plugins", "Plugins", "{5FEBFC8A-48A5-40DA-B5D1-6BAD819329F8}"
EndProject
Project("{FAE04EC0-301F-11D3-BF4B-00C04F79EFBC}") = "ComicBookReader.Plugins.DataStore.InMemory", "Plugins\ComicBookReader.Plugins.DataStore.InMemory\ComicBookReader.Plugins.DataStore.InMemory.csproj", "{5954EA67-7D45-4D75-B98D-69FD355542CF}"
EndProject
Global
	GlobalSection(SolutionConfigurationPlatforms) = preSolution
		Debug|Any CPU = Debug|Any CPU
		Release|Any CPU = Release|Any CPU
	EndGlobalSection
	GlobalSection(ProjectConfigurationPlatforms) = postSolution
		{C15389D5-9029-441D-81FC-D3F31022364B}.Debug|Any CPU.ActiveCfg = Debug|Any CPU
		{C15389D5-9029-441D-81FC-D3F31022364B}.Debug|Any CPU.Build.0 = Debug|Any CPU
		{C15389D5-9029-441D-81FC-D3F31022364B}.Debug|Any CPU.Deploy.0 = Debug|Any CPU
		{C15389D5-9029-441D-81FC-D3F31022364B}.Release|Any CPU.ActiveCfg = Release|Any CPU
		{C15389D5-9029-441D-81FC-D3F31022364B}.Release|Any CPU.Build.0 = Release|Any CPU
		{C15389D5-9029-441D-81FC-D3F31022364B}.Release|Any CPU.Deploy.0 = Release|Any CPU
		{2999320F-D68F-4485-A114-43B9F1EAFC9C}.Debug|Any CPU.ActiveCfg = Debug|Any CPU
		{2999320F-D68F-4485-A114-43B9F1EAFC9C}.Debug|Any CPU.Build.0 = Debug|Any CPU
		{2999320F-D68F-4485-A114-43B9F1EAFC9C}.Release|Any CPU.ActiveCfg = Release|Any CPU
		{2999320F-D68F-4485-A114-43B9F1EAFC9C}.Release|Any CPU.Build.0 = Release|Any CPU
		{E825ED86-0FF3-46CE-949C-F8CF73B78AC7}.Debug|Any CPU.ActiveCfg = Debug|Any CPU
		{E825ED86-0FF3-46CE-949C-F8CF73B78AC7}.Debug|Any CPU.Build.0 = Debug|Any CPU
		{E825ED86-0FF3-46CE-949C-F8CF73B78AC7}.Release|Any CPU.ActiveCfg = Release|Any CPU
		{E825ED86-0FF3-46CE-949C-F8CF73B78AC7}.Release|Any CPU.Build.0 = Release|Any CPU
		{5954EA67-7D45-4D75-B98D-69FD355542CF}.Debug|Any CPU.ActiveCfg = Debug|Any CPU
		{5954EA67-7D45-4D75-B98D-69FD355542CF}.Debug|Any CPU.Build.0 = Debug|Any CPU
		{5954EA67-7D45-4D75-B98D-69FD355542CF}.Release|Any CPU.ActiveCfg = Release|Any CPU
		{5954EA67-7D45-4D75-B98D-69FD355542CF}.Release|Any CPU.Build.0 = Release|Any CPU
	EndGlobalSection
	GlobalSection(SolutionProperties) = preSolution
		HideSolutionNode = FALSE
	EndGlobalSection
	GlobalSection(NestedProjects) = preSolution
		{5954EA67-7D45-4D75-B98D-69FD355542CF} = {5FEBFC8A-48A5-40DA-B5D1-6BAD819329F8}
	EndGlobalSection
	GlobalSection(ExtensibilityGlobals) = postSolution
		SolutionGuid = {B4B7C86F-4AC2-4066-BE0B-399739F00371}
	EndGlobalSection
EndGlobal
